
Microsoft Visual Studio Solution File, Format Version 12.00
# Visual Studio Version 16
VisualStudioVersion = 16.0.29926.136
MinimumVisualStudioVersion = 10.0.40219.1
Project("{FAE04EC0-301F-11D3-BF4B-00C04F79EFBC}") = "MVCDemo", "MVCDemo\MVCDemo.csproj", "{DB12B819-91BA-4FE5-877F-E74BEF513FF8}"
EndProject
Project("{FAE04EC0-301F-11D3-BF4B-00C04F79EFBC}") = "MVCDemo.Tests", "MVCDemo.Tests\MVCDemo.Tests.csproj", "{75A55711-15ED-415B-85C7-A110678297DA}"
EndProject
Global
	GlobalSection(SolutionConfigurationPlatforms) = preSolution
		Debug|Any CPU = Debug|Any CPU
		Release|Any CPU = Release|Any CPU
	EndGlobalSection
	GlobalSection(ProjectConfigurationPlatforms) = postSolution
		{DB12B819-91BA-4FE5-877F-E74BEF513FF8}.Debug|Any CPU.ActiveCfg = Debug|Any CPU
		{DB12B819-91BA-4FE5-877F-E74BEF513FF8}.Debug|Any CPU.Build.0 = Debug|Any CPU
		{DB12B819-91BA-4FE5-877F-E74BEF513FF8}.Release|Any CPU.ActiveCfg = Release|Any CPU
		{DB12B819-91BA-4FE5-877F-E74BEF513FF8}.Release|Any CPU.Build.0 = Release|Any CPU
		{75A55711-15ED-415B-85C7-A110678297DA}.Debug|Any CPU.ActiveCfg = Debug|Any CPU
		{75A55711-15ED-415B-85C7-A110678297DA}.Debug|Any CPU.Build.0 = Debug|Any CPU
		{75A55711-15ED-415B-85C7-A110678297DA}.Release|Any CPU.ActiveCfg = Release|Any CPU
		{75A55711-15ED-415B-85C7-A110678297DA}.Release|Any CPU.Build.0 = Release|Any CPU
	EndGlobalSection
	GlobalSection(SolutionProperties) = preSolution
		HideSolutionNode = FALSE
	EndGlobalSection
	GlobalSection(ExtensibilityGlobals) = postSolution
		SolutionGuid = {3EC54821-F5AB-4E2C-9EF6-1B9EC73AD61C}
	EndGlobalSection
EndGlobal
